
Microsoft Visual Studio Solution File, Format Version 12.00
# Visual Studio 15
VisualStudioVersion = 15.0.28307.136
MinimumVisualStudioVersion = 10.0.40219.1
Project("{FAE04EC0-301F-11D3-BF4B-00C04F79EFBC}") = "Enums", "Enums\Enums.csproj", "{2E18CFA1-4DAF-4971-8B59-09D87F31DABB}"
EndProject
Global
	GlobalSection(SolutionConfigurationPlatforms) = preSolution
		Debug|Any CPU = Debug|Any CPU
		Release|Any CPU = Release|Any CPU
	EndGlobalSection
	GlobalSection(ProjectConfigurationPlatforms) = postSolution
		{2E18CFA1-4DAF-4971-8B59-09D87F31DABB}.Debug|Any CPU.ActiveCfg = Debug|Any CPU
		{2E18CFA1-4DAF-4971-8B59-09D87F31DABB}.Debug|Any CPU.Build.0 = Debug|Any CPU
		{2E18CFA1-4DAF-4971-8B59-09D87F31DABB}.Release|Any CPU.ActiveCfg = Release|Any CPU
		{2E18CFA1-4DAF-4971-8B59-09D87F31DABB}.Release|Any CPU.Build.0 = Release|Any CPU
	EndGlobalSection
	GlobalSection(SolutionProperties) = preSolution
		HideSolutionNode = FALSE
	EndGlobalSection
	GlobalSection(ExtensibilityGlobals) = postSolution
		SolutionGuid = {7A241951-2D76-48AE-AE7A-5B3F97B4F052}
	EndGlobalSection
EndGlobal
