
Microsoft Visual Studio Solution File, Format Version 12.00
# Visual Studio 15
VisualStudioVersion = 15.0.28307.136
MinimumVisualStudioVersion = 10.0.40219.1
Project("{FAE04EC0-301F-11D3-BF4B-00C04F79EFBC}") = "Exceptions Project 2", "..\..\..\source\repos\Exceptions Project 2\Exceptions Project 2\Exceptions Project 2.csproj", "{CCD6CB20-3BDD-49D4-B0DF-3F2A4F5E98D2}"
EndProject
Global
	GlobalSection(SolutionConfigurationPlatforms) = preSolution
		Debug|Any CPU = Debug|Any CPU
		Release|Any CPU = Release|Any CPU
	EndGlobalSection
	GlobalSection(ProjectConfigurationPlatforms) = postSolution
		{CCD6CB20-3BDD-49D4-B0DF-3F2A4F5E98D2}.Debug|Any CPU.ActiveCfg = Debug|Any CPU
		{CCD6CB20-3BDD-49D4-B0DF-3F2A4F5E98D2}.Debug|Any CPU.Build.0 = Debug|Any CPU
		{CCD6CB20-3BDD-49D4-B0DF-3F2A4F5E98D2}.Release|Any CPU.ActiveCfg = Release|Any CPU
		{CCD6CB20-3BDD-49D4-B0DF-3F2A4F5E98D2}.Release|Any CPU.Build.0 = Release|Any CPU
	EndGlobalSection
	GlobalSection(SolutionProperties) = preSolution
		HideSolutionNode = FALSE
	EndGlobalSection
	GlobalSection(ExtensibilityGlobals) = postSolution
		SolutionGuid = {E844B963-65F7-4B3E-83FC-2740A3E783E5}
	EndGlobalSection
EndGlobal
