
Microsoft Visual Studio Solution File, Format Version 12.00
# Visual Studio 15
VisualStudioVersion = 15.0.28307.136
MinimumVisualStudioVersion = 10.0.40219.1
Project("{FAE04EC0-301F-11D3-BF4B-00C04F79EFBC}") = "WebApplication1", "WebApplication1\WebApplication1.csproj", "{02D03204-6EB2-4D76-A8EB-E7E4FF3AEE27}"
EndProject
Global
	GlobalSection(SolutionConfigurationPlatforms) = preSolution
		Debug|Any CPU = Debug|Any CPU
		Release|Any CPU = Release|Any CPU
	EndGlobalSection
	GlobalSection(ProjectConfigurationPlatforms) = postSolution
		{02D03204-6EB2-4D76-A8EB-E7E4FF3AEE27}.Debug|Any CPU.ActiveCfg = Debug|Any CPU
		{02D03204-6EB2-4D76-A8EB-E7E4FF3AEE27}.Debug|Any CPU.Build.0 = Debug|Any CPU
		{02D03204-6EB2-4D76-A8EB-E7E4FF3AEE27}.Release|Any CPU.ActiveCfg = Release|Any CPU
		{02D03204-6EB2-4D76-A8EB-E7E4FF3AEE27}.Release|Any CPU.Build.0 = Release|Any CPU
	EndGlobalSection
	GlobalSection(SolutionProperties) = preSolution
		HideSolutionNode = FALSE
	EndGlobalSection
	GlobalSection(ExtensibilityGlobals) = postSolution
		SolutionGuid = {FA79E7E3-BF20-470C-A104-1F807E63E906}
	EndGlobalSection
EndGlobal
