
Microsoft Visual Studio Solution File, Format Version 12.00
# Visual Studio 15
VisualStudioVersion = 15.0.28307.136
MinimumVisualStudioVersion = 10.0.40219.1
Project("{FAE04EC0-301F-11D3-BF4B-00C04F79EFBC}") = "WelcomeAcmeProj", "WelcomeAcmeProj\WelcomeAcmeProj.csproj", "{07AA3957-674C-4DDC-806E-AF736CB70022}"
EndProject
Global
	GlobalSection(SolutionConfigurationPlatforms) = preSolution
		Debug|Any CPU = Debug|Any CPU
		Release|Any CPU = Release|Any CPU
	EndGlobalSection
	GlobalSection(ProjectConfigurationPlatforms) = postSolution
		{07AA3957-674C-4DDC-806E-AF736CB70022}.Debug|Any CPU.ActiveCfg = Debug|Any CPU
		{07AA3957-674C-4DDC-806E-AF736CB70022}.Debug|Any CPU.Build.0 = Debug|Any CPU
		{07AA3957-674C-4DDC-806E-AF736CB70022}.Release|Any CPU.ActiveCfg = Release|Any CPU
		{07AA3957-674C-4DDC-806E-AF736CB70022}.Release|Any CPU.Build.0 = Release|Any CPU
	EndGlobalSection
	GlobalSection(SolutionProperties) = preSolution
		HideSolutionNode = FALSE
	EndGlobalSection
	GlobalSection(ExtensibilityGlobals) = postSolution
		SolutionGuid = {3E9FAC0A-F585-40AA-9CBF-87346F6D69B4}
	EndGlobalSection
EndGlobal
