
Microsoft Visual Studio Solution File, Format Version 12.00
# Visual Studio 15
VisualStudioVersion = 15.0.28307.136
MinimumVisualStudioVersion = 10.0.40219.1
Project("{FAE04EC0-301F-11D3-BF4B-00C04F79EFBC}") = "LoopExercise1", "LoopExercise1\LoopExercise1.csproj", "{58A169F0-428F-4A5C-ACD7-6CC79EDECB8D}"
EndProject
Global
	GlobalSection(SolutionConfigurationPlatforms) = preSolution
		Debug|Any CPU = Debug|Any CPU
		Release|Any CPU = Release|Any CPU
	EndGlobalSection
	GlobalSection(ProjectConfigurationPlatforms) = postSolution
		{58A169F0-428F-4A5C-ACD7-6CC79EDECB8D}.Debug|Any CPU.ActiveCfg = Debug|Any CPU
		{58A169F0-428F-4A5C-ACD7-6CC79EDECB8D}.Debug|Any CPU.Build.0 = Debug|Any CPU
		{58A169F0-428F-4A5C-ACD7-6CC79EDECB8D}.Release|Any CPU.ActiveCfg = Release|Any CPU
		{58A169F0-428F-4A5C-ACD7-6CC79EDECB8D}.Release|Any CPU.Build.0 = Release|Any CPU
	EndGlobalSection
	GlobalSection(SolutionProperties) = preSolution
		HideSolutionNode = FALSE
	EndGlobalSection
	GlobalSection(ExtensibilityGlobals) = postSolution
		SolutionGuid = {5402C4D2-8A41-4318-9E0A-46E015307FB2}
	EndGlobalSection
EndGlobal
