
Microsoft Visual Studio Solution File, Format Version 12.00
# Visual Studio 15
VisualStudioVersion = 15.0.28307.136
MinimumVisualStudioVersion = 10.0.40219.1
Project("{FAE04EC0-301F-11D3-BF4B-00C04F79EFBC}") = "Method 8", "Method 8\Method 8.csproj", "{0C695524-8F96-4905-BF46-08BC2EB37350}"
EndProject
Global
	GlobalSection(SolutionConfigurationPlatforms) = preSolution
		Debug|Any CPU = Debug|Any CPU
		Release|Any CPU = Release|Any CPU
	EndGlobalSection
	GlobalSection(ProjectConfigurationPlatforms) = postSolution
		{0C695524-8F96-4905-BF46-08BC2EB37350}.Debug|Any CPU.ActiveCfg = Debug|Any CPU
		{0C695524-8F96-4905-BF46-08BC2EB37350}.Debug|Any CPU.Build.0 = Debug|Any CPU
		{0C695524-8F96-4905-BF46-08BC2EB37350}.Release|Any CPU.ActiveCfg = Release|Any CPU
		{0C695524-8F96-4905-BF46-08BC2EB37350}.Release|Any CPU.Build.0 = Release|Any CPU
	EndGlobalSection
	GlobalSection(SolutionProperties) = preSolution
		HideSolutionNode = FALSE
	EndGlobalSection
	GlobalSection(ExtensibilityGlobals) = postSolution
		SolutionGuid = {7F9EE9E7-F3E9-4EA7-91AB-918711D4D708}
	EndGlobalSection
EndGlobal
