
Microsoft Visual Studio Solution File, Format Version 12.00
# Visual Studio 15
VisualStudioVersion = 15.0.28307.136
MinimumVisualStudioVersion = 10.0.40219.1
Project("{FAE04EC0-301F-11D3-BF4B-00C04F79EFBC}") = "Correct Exceptions Project", "Correct Exceptions Project\Correct Exceptions Project.csproj", "{C5C4AC16-CF5E-4944-A0E2-E6853D5E9A71}"
EndProject
Global
	GlobalSection(SolutionConfigurationPlatforms) = preSolution
		Debug|Any CPU = Debug|Any CPU
		Release|Any CPU = Release|Any CPU
	EndGlobalSection
	GlobalSection(ProjectConfigurationPlatforms) = postSolution
		{C5C4AC16-CF5E-4944-A0E2-E6853D5E9A71}.Debug|Any CPU.ActiveCfg = Debug|Any CPU
		{C5C4AC16-CF5E-4944-A0E2-E6853D5E9A71}.Debug|Any CPU.Build.0 = Debug|Any CPU
		{C5C4AC16-CF5E-4944-A0E2-E6853D5E9A71}.Release|Any CPU.ActiveCfg = Release|Any CPU
		{C5C4AC16-CF5E-4944-A0E2-E6853D5E9A71}.Release|Any CPU.Build.0 = Release|Any CPU
	EndGlobalSection
	GlobalSection(SolutionProperties) = preSolution
		HideSolutionNode = FALSE
	EndGlobalSection
	GlobalSection(ExtensibilityGlobals) = postSolution
		SolutionGuid = {8350DF7D-D6CD-4A18-92FE-F08C980F008D}
	EndGlobalSection
EndGlobal
