
Microsoft Visual Studio Solution File, Format Version 12.00
# Visual Studio 15
VisualStudioVersion = 15.0.28307.136
MinimumVisualStudioVersion = 10.0.40219.1
Project("{FAE04EC0-301F-11D3-BF4B-00C04F79EFBC}") = "Methods2", "Methods2\Methods2.csproj", "{AE3E14E9-16A7-443D-9480-1ED19F3BB6EA}"
EndProject
Global
	GlobalSection(SolutionConfigurationPlatforms) = preSolution
		Debug|Any CPU = Debug|Any CPU
		Release|Any CPU = Release|Any CPU
	EndGlobalSection
	GlobalSection(ProjectConfigurationPlatforms) = postSolution
		{AE3E14E9-16A7-443D-9480-1ED19F3BB6EA}.Debug|Any CPU.ActiveCfg = Debug|Any CPU
		{AE3E14E9-16A7-443D-9480-1ED19F3BB6EA}.Debug|Any CPU.Build.0 = Debug|Any CPU
		{AE3E14E9-16A7-443D-9480-1ED19F3BB6EA}.Release|Any CPU.ActiveCfg = Release|Any CPU
		{AE3E14E9-16A7-443D-9480-1ED19F3BB6EA}.Release|Any CPU.Build.0 = Release|Any CPU
	EndGlobalSection
	GlobalSection(SolutionProperties) = preSolution
		HideSolutionNode = FALSE
	EndGlobalSection
	GlobalSection(ExtensibilityGlobals) = postSolution
		SolutionGuid = {6FEA2C00-9CC8-4F57-8642-798C6439E97F}
	EndGlobalSection
EndGlobal
