
Microsoft Visual Studio Solution File, Format Version 12.00
# Visual Studio 15
VisualStudioVersion = 15.0.28307.136
MinimumVisualStudioVersion = 10.0.40219.1
Project("{FAE04EC0-301F-11D3-BF4B-00C04F79EFBC}") = "Class-Obj_1", "Class-Obj_1\Class-Obj_1.csproj", "{59F86D9C-91F6-4D86-8837-B6472AC076D1}"
EndProject
Global
	GlobalSection(SolutionConfigurationPlatforms) = preSolution
		Debug|Any CPU = Debug|Any CPU
		Release|Any CPU = Release|Any CPU
	EndGlobalSection
	GlobalSection(ProjectConfigurationPlatforms) = postSolution
		{59F86D9C-91F6-4D86-8837-B6472AC076D1}.Debug|Any CPU.ActiveCfg = Debug|Any CPU
		{59F86D9C-91F6-4D86-8837-B6472AC076D1}.Debug|Any CPU.Build.0 = Debug|Any CPU
		{59F86D9C-91F6-4D86-8837-B6472AC076D1}.Release|Any CPU.ActiveCfg = Release|Any CPU
		{59F86D9C-91F6-4D86-8837-B6472AC076D1}.Release|Any CPU.Build.0 = Release|Any CPU
	EndGlobalSection
	GlobalSection(SolutionProperties) = preSolution
		HideSolutionNode = FALSE
	EndGlobalSection
	GlobalSection(ExtensibilityGlobals) = postSolution
		SolutionGuid = {27411AD7-0F79-4BC2-AD24-1C15E1A0BBBB}
	EndGlobalSection
EndGlobal
